# THIS IS AN AUTOGENERATED FILE. DO NOT EDIT THIS FILE DIRECTLY.
# yarn lockfile v1


accepts@^1.3.5:
  version "1.3.7"
  resolved "https://registry.yarnpkg.com/accepts/-/accepts-1.3.7.tgz#531bc726517a3b2b41f850021c6cc15eaab507cd"
  integrity sha512-Il80Qs2WjYlJIBNzNkK6KYqlVMTbZLXgHx2oT0pU/fjRHyEp+PEfEPY0R3WCwAGVOtauxh1hOxNgIf5bv7dQpA==
  dependencies:
    mime-types "~2.1.24"
    negotiator "0.6.2"

any-promise@^1.1.0:
  version "1.3.0"
  resolved "https://registry.yarnpkg.com/any-promise/-/any-promise-1.3.0.tgz#abc6afeedcea52e809cdc0376aed3ce39635d17f"
  integrity sha1-q8av7tzqUugJzcA3au0845Y10X8=

arrayiffy-if-string@^3.11.4:
  version "3.11.4"
  resolved "https://registry.yarnpkg.com/arrayiffy-if-string/-/arrayiffy-if-string-3.11.4.tgz#6c25a4eeaa15d91967aa2d62191c0bc706342188"
  integrity sha512-5+4Ft+BzwbaODVT84AMEsBdXht5hsKAlAkSXtvA6NaEcCKo47knOa2qr8byZBex8ts7+D0MV8ry1cphwqrvblw==

ast-monkey-traverse@^1.11.27:
  version "1.11.27"
  resolved "https://registry.yarnpkg.com/ast-monkey-traverse/-/ast-monkey-traverse-1.11.27.tgz#8e41e7eff8fa3ce9765a51c346e233a945cc878a"
  integrity sha512-y09pCmGh8rDL3Em1gJ/npgUqDwkkN98lhCcCMiDliB0vnrhEFvI/s1dyBa8otnv/R+LmGxwxlLlsVz5p40gRvQ==
  dependencies:
    lodash.clonedeep "^4.5.0"
    lodash.isplainobject "^4.0.6"

balanced-match@^1.0.0:
  version "1.0.0"
  resolved "https://registry.yarnpkg.com/balanced-match/-/balanced-match-1.0.0.tgz#89b4d199ab2bee49de164ea02b89ce462d71b767"
  integrity sha1-ibTRmasr7kneFk6gK4nORi1xt2c=

bluebird@^3.5.1:
  version "3.5.5"
  resolved "https://registry.yarnpkg.com/bluebird/-/bluebird-3.5.5.tgz#a8d0afd73251effbbd5fe384a77d73003c17a71f"
  integrity sha512-5am6HnnfN+urzt4yfg7IgTbotDjIT/u8AJpEt0sIU9FtXfVeezXAPKswrG+xKUCOYAINpSdgZVDU6QFh+cuH3w==

brace-expansion@^1.1.7:
  version "1.1.11"
  resolved "https://registry.yarnpkg.com/brace-expansion/-/brace-expansion-1.1.11.tgz#3c7fcbf529d87226f3d2f52b966ff5271eb441dd"
  integrity sha512-iCuPHDFgrHX7H2vEI/5xpz07zSHB00TpugqhmYtVmMO6518mCuRMoOYFldEBl0g187ufozdaHgWKcYFb61qGiA==
  dependencies:
    balanced-match "^1.0.0"
    concat-map "0.0.1"

bunyan@^1.8.12:
  version "1.8.12"
  resolved "https://registry.yarnpkg.com/bunyan/-/bunyan-1.8.12.tgz#f150f0f6748abdd72aeae84f04403be2ef113797"
  integrity sha1-8VDw9nSKvdcq6uhPBEA74u8RN5c=
  optionalDependencies:
    dtrace-provider "~0.8"
    moment "^2.10.6"
    mv "~2"
    safe-json-stringify "~1"

bytes@3.1.0:
  version "3.1.0"
  resolved "https://registry.yarnpkg.com/bytes/-/bytes-3.1.0.tgz#f6cf7933a360e0588fa9fde85651cdc7f805d1f6"
  integrity sha512-zauLjrfCG+xvoyaqLoV8bLVXXNGC4JqlxFCutSDWA6fJrTo2ZuvLYTqZ7aHBLZSMOopbzwv8f+wZcVzfVTI2Dg==

cache-content-type@^1.0.0:
  version "1.0.1"
  resolved "https://registry.yarnpkg.com/cache-content-type/-/cache-content-type-1.0.1.tgz#035cde2b08ee2129f4a8315ea8f00a00dba1453c"
  integrity sha512-IKufZ1o4Ut42YUrZSo8+qnMTrFuKkvyoLXUywKz9GJ5BrhOFGhLdkx9sG4KAnVvbY6kEcSFjLQul+DVmBm2bgA==
  dependencies:
    mime-types "^2.1.18"
    ylru "^1.2.0"

camelize@1.0.0:
  version "1.0.0"
  resolved "https://registry.yarnpkg.com/camelize/-/camelize-1.0.0.tgz#164a5483e630fa4321e5af07020e531831b2609b"
  integrity sha1-FkpUg+Yw+kMh5a8HAg5TGDGyYJs=

check-types-mini@^5.7.28:
  version "5.7.28"
  resolved "https://registry.yarnpkg.com/check-types-mini/-/check-types-mini-5.7.28.tgz#e93284fae82855e954c9c62433fafcae97b237a5"
  integrity sha512-R+cXuGECN8WzYXMHF45ZU7sV34DbF4mD7wau2BQQyrqB7aGazI1cW18jwzeQZMQzls/9JNoRt5iIZRQE2rxang==
  dependencies:
    arrayiffy-if-string "^3.11.4"
    ast-monkey-traverse "^1.11.27"
    lodash.intersection "^4.4.0"
    lodash.pullall "^4.2.0"
    matcher "^2.0.0"
    object-path "^0.11.4"
    ordinal "^1.0.3"
    type-detect "^4.0.8"

co-body@^6.0.0:
  version "6.0.0"
  resolved "https://registry.yarnpkg.com/co-body/-/co-body-6.0.0.tgz#965b9337d7f5655480787471f4237664820827e3"
  integrity sha512-9ZIcixguuuKIptnY8yemEOuhb71L/lLf+Rl5JfJEUiDNJk0e02MBt7BPxR2GEh5mw8dPthQYR4jPI/BnS1MQgw==
  dependencies:
    inflation "^2.0.0"
    qs "^6.5.2"
    raw-body "^2.3.3"
    type-is "^1.6.16"

co@^4.6.0:
  version "4.6.0"
  resolved "https://registry.yarnpkg.com/co/-/co-4.6.0.tgz#6ea6bdf3d853ae54ccb8e47bfa0bf3f9031fb184"
  integrity sha1-bqa989hTrlTMuOR7+gvz+QMfsYQ=

commander@^2.15.1:
  version "2.20.0"
  resolved "https://registry.yarnpkg.com/commander/-/commander-2.20.0.tgz#d58bb2b5c1ee8f87b0d340027e9e94e222c5a422"
  integrity sha512-7j2y+40w61zy6YC2iRNpUe/NwhNyoXrYpHMrSunaMG64nRnaf96zO/KMQR4OyN/UnE5KLyEBnKHd4aG3rskjpQ==

concat-map@0.0.1:
  version "0.0.1"
  resolved "https://registry.yarnpkg.com/concat-map/-/concat-map-0.0.1.tgz#d8a96bd77fd68df7793a73036a3ba0d5405d477b"
  integrity sha1-2Klr13/Wjfd5OnMDajug1UBdR3s=

config@^3.2.2:
  version "3.2.2"
  resolved "https://registry.yarnpkg.com/config/-/config-3.2.2.tgz#c7d31bb2a9d30013a905ff420101e3b1ba58eead"
  integrity sha512-rOsfIOAcG82AWouK4/vBS/OKz3UPl2T/kP0irExmXJJOoWg2CmdfPLdx56bCoMUMFNh+7soQkQWCUC8DyemiwQ==
  dependencies:
    json5 "^1.0.1"

content-disposition@~0.5.2:
  version "0.5.3"
  resolved "https://registry.yarnpkg.com/content-disposition/-/content-disposition-0.5.3.tgz#e130caf7e7279087c5616c2007d0485698984fbd"
  integrity sha512-ExO0774ikEObIAEV9kDo50o+79VCUdEB6n6lzKgGwupcVeRlhrj3qGAfwq8G6uBJjkqLrhT0qEYFcWng8z1z0g==
  dependencies:
    safe-buffer "5.1.2"

content-security-policy-builder@2.0.0:
  version "2.0.0"
  resolved "https://registry.yarnpkg.com/content-security-policy-builder/-/content-security-policy-builder-2.0.0.tgz#8749a1d542fcbe82237281ea9f716ce68b394dd2"
  integrity sha512-j+Nhmj1yfZAikJLImCvPJFE29x/UuBi+/MWqggGGc515JKaZrjuei2RhULJmy0MsstW3E3htl002bwmBNMKr7w==

content-type@^1.0.4:
  version "1.0.4"
  resolved "https://registry.yarnpkg.com/content-type/-/content-type-1.0.4.tgz#e138cc75e040c727b1966fe5e5f8c9aee256fe3b"
  integrity sha512-hIP3EEPs8tB9AT1L+NUqtwOAps4mk2Zob89MWXMHjHWg9milF/j4osnnQLXBCBFBk/tvIG/tUc9mOUJiPBhPXA==

cookies@~0.7.1:
  version "0.7.3"
  resolved "https://registry.yarnpkg.com/cookies/-/cookies-0.7.3.tgz#7912ce21fbf2e8c2da70cf1c3f351aecf59dadfa"
  integrity sha512-+gixgxYSgQLTaTIilDHAdlNPZDENDQernEMiIcZpYYP14zgHsCt4Ce1FEjFtcp6GefhozebB6orvhAAWx/IS0A==
  dependencies:
    depd "~1.1.2"
    keygrip "~1.0.3"

copy-to@^2.0.1:
  version "2.0.1"
  resolved "https://registry.yarnpkg.com/copy-to/-/copy-to-2.0.1.tgz#2680fbb8068a48d08656b6098092bdafc906f4a5"
  integrity sha1-JoD7uAaKSNCGVrYJgJK9r8kG9KU=

csvtojson@^2.0.8:
  version "2.0.10"
  resolved "https://registry.yarnpkg.com/csvtojson/-/csvtojson-2.0.10.tgz#11e7242cc630da54efce7958a45f443210357574"
  integrity sha512-lUWFxGKyhraKCW8Qghz6Z0f2l/PqB1W3AO0HKJzGIQ5JRSlR651ekJDiGJbBT4sRNNv5ddnSGVEnsxP9XRCVpQ==
  dependencies:
    bluebird "^3.5.1"
    lodash "^4.17.3"
    strip-bom "^2.0.0"

dasherize@2.0.0:
  version "2.0.0"
  resolved "https://registry.yarnpkg.com/dasherize/-/dasherize-2.0.0.tgz#6d809c9cd0cf7bb8952d80fc84fa13d47ddb1308"
  integrity sha1-bYCcnNDPe7iVLYD8hPoT1H3bEwg=

debug@~3.1.0:
  version "3.1.0"
  resolved "https://registry.yarnpkg.com/debug/-/debug-3.1.0.tgz#5bb5a0672628b64149566ba16819e61518c67261"
  integrity sha512-OX8XqP7/1a9cqkxYw2yXss15f26NKWBpDXQd0/uK/KPqdQhxbPa994hnzjcE2VqQpDslf55723cKPUOGSmMY3g==
  dependencies:
    ms "2.0.0"

deep-equal@~1.0.1:
  version "1.0.1"
  resolved "https://registry.yarnpkg.com/deep-equal/-/deep-equal-1.0.1.tgz#f5d260292b660e084eff4cdbc9f08ad3247448b5"
  integrity sha1-9dJgKStmDghO/0zbyfCK0yR0SLU=

delegates@^1.0.0:
  version "1.0.0"
  resolved "https://registry.yarnpkg.com/delegates/-/delegates-1.0.0.tgz#84c6e159b81904fdca59a0ef44cd870d31250f9a"
  integrity sha1-hMbhWbgZBP3KWaDvRM2HDTElD5o=

depd@2.0.0:
  version "2.0.0"
  resolved "https://registry.yarnpkg.com/depd/-/depd-2.0.0.tgz#b696163cc757560d09cf22cc8fad1571b79e76df"
  integrity sha512-g7nH6P6dyDioJogAAGprGpCtVImJhpPk/roCzdb3fIh61/s/nPsfR6onyMwkCAR/OlC3yBC0lESvUoQEAssIrw==

depd@^1.1.2, depd@~1.1.2:
  version "1.1.2"
  resolved "https://registry.yarnpkg.com/depd/-/depd-1.1.2.tgz#9bcd52e14c097763e749b274c4346ed2e560b5a9"
  integrity sha1-m81S4UwJd2PnSbJ0xDRu0uVgtak=

destroy@^1.0.4:
  version "1.0.4"
  resolved "https://registry.yarnpkg.com/destroy/-/destroy-1.0.4.tgz#978857442c44749e4206613e37946205826abd80"
  integrity sha1-l4hXRCxEdJ5CBmE+N5RiBYJqvYA=

dns-prefetch-control@0.2.0:
  version "0.2.0"
  resolved "https://registry.yarnpkg.com/dns-prefetch-control/-/dns-prefetch-control-0.2.0.tgz#73988161841f3dcc81f47686d539a2c702c88624"
  integrity sha512-hvSnros73+qyZXhHFjx2CMLwoj3Fe7eR9EJsFsqmcI1bB2OBWL/+0YzaEaKssCHnj/6crawNnUyw74Gm2EKe+Q==

dont-sniff-mimetype@1.1.0:
  version "1.1.0"
  resolved "https://registry.yarnpkg.com/dont-sniff-mimetype/-/dont-sniff-mimetype-1.1.0.tgz#c7d0427f8bcb095762751252af59d148b0a623b2"
  integrity sha512-ZjI4zqTaxveH2/tTlzS1wFp+7ncxNZaIEWYg3lzZRHkKf5zPT/MnEG6WL0BhHMJUabkh8GeU5NL5j+rEUCb7Ug==

dtrace-provider@~0.8:
  version "0.8.7"
  resolved "https://registry.yarnpkg.com/dtrace-provider/-/dtrace-provider-0.8.7.tgz#dc939b4d3e0620cfe0c1cd803d0d2d7ed04ffd04"
  integrity sha1-3JObTT4GIM/gwc2APQ0tftBP/QQ=
  dependencies:
    nan "^2.10.0"

ee-first@1.1.1:
  version "1.1.1"
  resolved "https://registry.yarnpkg.com/ee-first/-/ee-first-1.1.1.tgz#590c61156b0ae2f4f0255732a158b266bc56b21d"
  integrity sha1-WQxhFWsK4vTwJVcyoViyZrxWsh0=

ent@^2.2.0:
  version "2.2.0"
  resolved "https://registry.yarnpkg.com/ent/-/ent-2.2.0.tgz#e964219325a21d05f44466a2f686ed6ce5f5dd1d"
  integrity sha1-6WQhkyWiHQX0RGai9obtbOX13R0=

error-inject@^1.0.0:
  version "1.0.0"
  resolved "https://registry.yarnpkg.com/error-inject/-/error-inject-1.0.0.tgz#e2b3d91b54aed672f309d950d154850fa11d4f37"
  integrity sha1-4rPZG1Su1nLzCdlQ0VSFD6EdTzc=

escape-html@^1.0.3:
  version "1.0.3"
  resolved "https://registry.yarnpkg.com/escape-html/-/escape-html-1.0.3.tgz#0258eae4d3d0c0974de1c169188ef0051d1d1988"
  integrity sha1-Aljq5NPQwJdN4cFpGI7wBR0dGYg=

escape-string-regexp@^2.0.0:
  version "2.0.0"
  resolved "https://registry.yarnpkg.com/escape-string-regexp/-/escape-string-regexp-2.0.0.tgz#a30304e99daa32e23b2fd20f51babd07cffca344"
  integrity sha512-UpzcLCXolUWcNu5HtVMHYdXJjArjsF9C0aNnquZYY4uW/Vu0miy5YoWvbV345HauVvcAUnpRuhMMcqTcGOY2+w==

expect-ct@0.2.0:
  version "0.2.0"
  resolved "https://registry.yarnpkg.com/expect-ct/-/expect-ct-0.2.0.tgz#3a54741b6ed34cc7a93305c605f63cd268a54a62"
  integrity sha512-6SK3MG/Bbhm8MsgyJAylg+ucIOU71/FzyFalcfu5nY19dH8y/z0tBJU0wrNBXD4B27EoQtqPF/9wqH0iYAd04g==

export-to-csv@^0.2.1:
  version "0.2.1"
  resolved "https://registry.yarnpkg.com/export-to-csv/-/export-to-csv-0.2.1.tgz#8f997156feebc1cf995096da16341aa0100cce4e"
  integrity sha512-KTbrd3CAZ0cFceJEZr1e5uiMasabeCpXq1/5uvVxDl53o4jXJHnltasQoj2NkzrxD8hU9kdwjnMhoir/7nNx/A==

feature-policy@0.3.0:
  version "0.3.0"
  resolved "https://registry.yarnpkg.com/feature-policy/-/feature-policy-0.3.0.tgz#7430e8e54a40da01156ca30aaec1a381ce536069"
  integrity sha512-ZtijOTFN7TzCujt1fnNhfWPFPSHeZkesff9AXZj+UEjYBynWNUIYpC87Ve4wHzyexQsImicLu7WsC2LHq7/xrQ==

frameguard@3.1.0:
  version "3.1.0"
  resolved "https://registry.yarnpkg.com/frameguard/-/frameguard-3.1.0.tgz#bd1442cca1d67dc346a6751559b6d04502103a22"
  integrity sha512-TxgSKM+7LTA6sidjOiSZK9wxY0ffMPY3Wta//MqwmX0nZuEHc8QrkV8Fh3ZhMJeiH+Uyh/tcaarImRy8u77O7g==

fresh@~0.5.2:
  version "0.5.2"
  resolved "https://registry.yarnpkg.com/fresh/-/fresh-0.5.2.tgz#3d8cadd90d976569fa835ab1f8e4b23a105605a7"
  integrity sha1-PYyt2Q2XZWn6g1qx+OSyOhBWBac=

glob@^6.0.1:
  version "6.0.4"
  resolved "https://registry.yarnpkg.com/glob/-/glob-6.0.4.tgz#0f08860f6a155127b2fadd4f9ce24b1aab6e4d22"
  integrity sha1-DwiGD2oVUSey+t1PnOJLGqtuTSI=
  dependencies:
    inflight "^1.0.4"
    inherits "2"
    minimatch "2 || 3"
    once "^1.3.0"
    path-is-absolute "^1.0.0"

helmet-crossdomain@0.4.0:
  version "0.4.0"
  resolved "https://registry.yarnpkg.com/helmet-crossdomain/-/helmet-crossdomain-0.4.0.tgz#5f1fe5a836d0325f1da0a78eaa5fd8429078894e"
  integrity sha512-AB4DTykRw3HCOxovD1nPR16hllrVImeFp5VBV9/twj66lJ2nU75DP8FPL0/Jp4jj79JhTfG+pFI2MD02kWJ+fA==

helmet-csp@2.7.1:
  version "2.7.1"
  resolved "https://registry.yarnpkg.com/helmet-csp/-/helmet-csp-2.7.1.tgz#e8e0b5186ffd4db625cfcce523758adbfadb9dca"
  integrity sha512-sCHwywg4daQ2mY0YYwXSZRsgcCeerUwxMwNixGA7aMLkVmPTYBl7gJoZDHOZyXkqPrtuDT3s2B1A+RLI7WxSdQ==
  dependencies:
    camelize "1.0.0"
    content-security-policy-builder "2.0.0"
    dasherize "2.0.0"
    platform "1.3.5"

helmet@^3.18.0:
  version "3.19.0"
  resolved "https://registry.yarnpkg.com/helmet/-/helmet-3.19.0.tgz#02c524dd69e03b0af20dce7bc9929ff951081a29"
  integrity sha512-l58Q3unSpYatlurvFzkCbTRQ8oWUmdXbOs7h+pnwQbFJRhRJDjER6UMyqHxp9iFtWPcVA05VLcUGSi0EXIv7GA==
  dependencies:
    depd "2.0.0"
    dns-prefetch-control "0.2.0"
    dont-sniff-mimetype "1.1.0"
    expect-ct "0.2.0"
    feature-policy "0.3.0"
    frameguard "3.1.0"
    helmet-crossdomain "0.4.0"
    helmet-csp "2.7.1"
    hide-powered-by "1.1.0"
    hpkp "2.0.0"
    hsts "2.2.0"
    ienoopen "1.1.0"
    nocache "2.1.0"
    referrer-policy "1.2.0"
    x-xss-protection "1.2.0"

hide-powered-by@1.1.0:
  version "1.1.0"
  resolved "https://registry.yarnpkg.com/hide-powered-by/-/hide-powered-by-1.1.0.tgz#be3ea9cab4bdb16f8744be873755ca663383fa7a"
  integrity sha512-Io1zA2yOA1YJslkr+AJlWSf2yWFkKjvkcL9Ni1XSUqnGLr/qRQe2UI3Cn/J9MsJht7yEVCe0SscY1HgVMujbgg==

hpkp@2.0.0:
  version "2.0.0"
  resolved "https://registry.yarnpkg.com/hpkp/-/hpkp-2.0.0.tgz#10e142264e76215a5d30c44ec43de64dee6d1672"
  integrity sha1-EOFCJk52IVpdMMROxD3mTe5tFnI=

hsts@2.2.0:
  version "2.2.0"
  resolved "https://registry.yarnpkg.com/hsts/-/hsts-2.2.0.tgz#09119d42f7a8587035d027dda4522366fe75d964"
  integrity sha512-ToaTnQ2TbJkochoVcdXYm4HOCliNozlviNsg+X2XQLQvZNI/kCHR9rZxVYpJB3UPcHz80PgxRyWQ7PdU1r+VBQ==
  dependencies:
    depd "2.0.0"

http-assert@^1.3.0:
  version "1.4.1"
  resolved "https://registry.yarnpkg.com/http-assert/-/http-assert-1.4.1.tgz#c5f725d677aa7e873ef736199b89686cceb37878"
  integrity sha512-rdw7q6GTlibqVVbXr0CKelfV5iY8G2HqEUkhSk297BMbSpSL8crXC+9rjKoMcZZEsksX30le6f/4ul4E28gegw==
  dependencies:
    deep-equal "~1.0.1"
    http-errors "~1.7.2"

http-errors@1.7.3, http-errors@^1.6.3, http-errors@~1.7.2:
  version "1.7.3"
  resolved "https://registry.yarnpkg.com/http-errors/-/http-errors-1.7.3.tgz#6c619e4f9c60308c38519498c14fbb10aacebb06"
  integrity sha512-ZTTX0MWrsQ2ZAhA1cejAwDLycFsd7I7nVtnkT3Ol0aqodaKW+0CTZDQ1uBv5whptCnc8e8HeRRJxRs0kmm/Qfw==
  dependencies:
    depd "~1.1.2"
    inherits "2.0.4"
    setprototypeof "1.1.1"
    statuses ">= 1.5.0 < 2"
    toidentifier "1.0.0"

iconv-lite@0.4.24:
  version "0.4.24"
  resolved "https://registry.yarnpkg.com/iconv-lite/-/iconv-lite-0.4.24.tgz#2022b4b25fbddc21d2f524974a474aafe733908b"
  integrity sha512-v3MXnZAcvnywkTUEZomIActle7RXXeedOR31wwl7VlyoXO4Qi9arvSenNQWne1TcRwhCL1HwLI21bEqdpj8/rA==
  dependencies:
    safer-buffer ">= 2.1.2 < 3"

ienoopen@1.1.0:
  version "1.1.0"
  resolved "https://registry.yarnpkg.com/ienoopen/-/ienoopen-1.1.0.tgz#411e5d530c982287dbdc3bb31e7a9c9e32630974"
  integrity sha512-MFs36e/ca6ohEKtinTJ5VvAJ6oDRAYFdYXweUnGY9L9vcoqFOU4n2ZhmJ0C4z/cwGZ3YIQRSB3XZ1+ghZkY5NQ==

inflation@^2.0.0:
  version "2.0.0"
  resolved "https://registry.yarnpkg.com/inflation/-/inflation-2.0.0.tgz#8b417e47c28f925a45133d914ca1fd389107f30f"
  integrity sha1-i0F+R8KPklpFEz2RTKH9OJEH8w8=

inflight@^1.0.4:
  version "1.0.6"
  resolved "https://registry.yarnpkg.com/inflight/-/inflight-1.0.6.tgz#49bd6331d7d02d0c09bc910a1075ba8165b56df9"
  integrity sha1-Sb1jMdfQLQwJvJEKEHW6gWW1bfk=
  dependencies:
    once "^1.3.0"
    wrappy "1"

inherits@2, inherits@2.0.4:
  version "2.0.4"
  resolved "https://registry.yarnpkg.com/inherits/-/inherits-2.0.4.tgz#0fa2c64f932917c3433a0ded55363aae37416b7c"
  integrity sha512-k/vGaX4/Yla3WzyMCvTQOXYeIHvqOKtnqBduzTHpzpQZzAskKMhZ2K+EnBiSM9zGSoIFeMpXKxa4dYeZIQqewQ==

is-generator-function@^1.0.7:
  version "1.0.7"
  resolved "https://registry.yarnpkg.com/is-generator-function/-/is-generator-function-1.0.7.tgz#d2132e529bb0000a7f80794d4bdf5cd5e5813522"
  integrity sha512-YZc5EwyO4f2kWCax7oegfuSr9mFz1ZvieNYBEjmukLxgXfBUbxAWGVF7GZf0zidYtoBl3WvC07YK0wT76a+Rtw==

is-natural-number-string@^1.0.1:
  version "1.0.1"
  resolved "https://registry.yarnpkg.com/is-natural-number-string/-/is-natural-number-string-1.0.1.tgz#d0ebf1c011fae2d3b0734d8c80116e2512a4a2e8"
  integrity sha1-0OvxwBH64tOwc02MgBFuJRKkoug=

is-natural-number@^4.0.1:
  version "4.0.1"
  resolved "https://registry.yarnpkg.com/is-natural-number/-/is-natural-number-4.0.1.tgz#ab9d76e1db4ced51e35de0c72ebecf09f734cde8"
  integrity sha1-q5124dtM7VHjXeDHLr7PCfc0zeg=

is-utf8@^0.2.0:
  version "0.2.1"
  resolved "https://registry.yarnpkg.com/is-utf8/-/is-utf8-0.2.1.tgz#4b0da1442104d1b336340e80797e865cf39f7d72"
  integrity sha1-Sw2hRCEE0bM2NA6AeX6GXPOffXI=

json2csv@^4.5.1:
  version "4.5.2"
  resolved "https://registry.yarnpkg.com/json2csv/-/json2csv-4.5.2.tgz#75f0808cb89ed8ef7e338445a510a3cd3e385dfe"
  integrity sha512-Te2Knce3VfLKyurH3AolM6Y781ZE+R3jQ+0YQ0HYLiubyicST/19vML24e1dpScaaEQb+1Q1t5IcGXr6esM9Lw==
  dependencies:
    commander "^2.15.1"
    jsonparse "^1.3.1"
    lodash.get "^4.4.2"

json5@^1.0.1:
  version "1.0.1"
  resolved "https://registry.yarnpkg.com/json5/-/json5-1.0.1.tgz#779fb0018604fa854eacbf6252180d83543e3dbe"
  integrity sha512-aKS4WQjPenRxiQsC93MNfjx+nbF4PAdYzmd/1JIj8HYzqfbu86beTuNgXDzPknWk0n0uARlyewZo4s++ES36Ow==
  dependencies:
    minimist "^1.2.0"

jsonparse@^1.3.1:
  version "1.3.1"
  resolved "https://registry.yarnpkg.com/jsonparse/-/jsonparse-1.3.1.tgz#3f4dae4a91fac315f71062f8521cc239f1366280"
  integrity sha1-P02uSpH6wxX3EGL4UhzCOfE2YoA=

keygrip@~1.0.3:
  version "1.0.3"
  resolved "https://registry.yarnpkg.com/keygrip/-/keygrip-1.0.3.tgz#399d709f0aed2bab0a059e0cdd3a5023a053e1dc"
  integrity sha512-/PpesirAIfaklxUzp4Yb7xBper9MwP6hNRA6BGGUFCgbJ+BM5CKBtsoxinNXkLHAr+GXS1/lSlF2rP7cv5Fl+g==

koa-bodyparser@^4.2.1:
  version "4.2.1"
  resolved "https://registry.yarnpkg.com/koa-bodyparser/-/koa-bodyparser-4.2.1.tgz#4d7dacb5e6db1106649b595d9e5ccb158b6f3b29"
  integrity sha512-UIjPAlMZfNYDDe+4zBaOAUKYqkwAGcIU6r2ARf1UOXPAlfennQys5IiShaVeNf7KkVBlf88f2LeLvBFvKylttw==
  dependencies:
    co-body "^6.0.0"
    copy-to "^2.0.1"

koa-compose@^3.0.0:
  version "3.2.1"
  resolved "https://registry.yarnpkg.com/koa-compose/-/koa-compose-3.2.1.tgz#a85ccb40b7d986d8e5a345b3a1ace8eabcf54de7"
  integrity sha1-qFzLQLfZhtjlo0Wzoazo6rz1Tec=
  dependencies:
    any-promise "^1.1.0"

koa-compose@^4.1.0:
  version "4.1.0"
  resolved "https://registry.yarnpkg.com/koa-compose/-/koa-compose-4.1.0.tgz#507306b9371901db41121c812e923d0d67d3e877"
  integrity sha512-8ODW8TrDuMYvXRwra/Kh7/rJo9BtOfPc6qO8eAfC80CnCvSjSl0bkRM24X6/XBBEyj0v1nRUQ1LyOy3dbqOWXw==

koa-convert@^1.2.0:
  version "1.2.0"
  resolved "https://registry.yarnpkg.com/koa-convert/-/koa-convert-1.2.0.tgz#da40875df49de0539098d1700b50820cebcd21d0"
  integrity sha1-2kCHXfSd4FOQmNFwC1CCDOvNIdA=
  dependencies:
    co "^4.6.0"
    koa-compose "^3.0.0"

koa-helmet@^4.2.0:
  version "4.2.0"
  resolved "https://registry.yarnpkg.com/koa-helmet/-/koa-helmet-4.2.0.tgz#379ec37069c64c9785b279224f7a41fc434e6596"
  integrity sha512-eZ/Z9UZ9vY5ubM3O1KcWZwEeqtz+Xzp0F8wkzrKoO5QHsAZ3qkKlS3K45HF/WAjYUMgkQTy7J1s/rVWTlVrt3Q==
  dependencies:
    helmet "^3.18.0"

koa-is-json@^1.0.0:
  version "1.0.0"
  resolved "https://registry.yarnpkg.com/koa-is-json/-/koa-is-json-1.0.0.tgz#273c07edcdcb8df6a2c1ab7d59ee76491451ec14"
  integrity sha1-JzwH7c3Ljfaiwat9We52SRRR7BQ=

koa@^2.7.0:
  version "2.7.0"
  resolved "https://registry.yarnpkg.com/koa/-/koa-2.7.0.tgz#7e00843506942b9d82c6cc33749f657c6e5e7adf"
  integrity sha512-7ojD05s2Q+hFudF8tDLZ1CpCdVZw8JQELWSkcfG9bdtoTDzMmkRF6BQBU7JzIzCCOY3xd3tftiy/loHBUYaY2Q==
  dependencies:
    accepts "^1.3.5"
    cache-content-type "^1.0.0"
    content-disposition "~0.5.2"
    content-type "^1.0.4"
    cookies "~0.7.1"
    debug "~3.1.0"
    delegates "^1.0.0"
    depd "^1.1.2"
    destroy "^1.0.4"
    error-inject "^1.0.0"
    escape-html "^1.0.3"
    fresh "~0.5.2"
    http-assert "^1.3.0"
    http-errors "^1.6.3"
    is-generator-function "^1.0.7"
    koa-compose "^4.1.0"
    koa-convert "^1.2.0"
    koa-is-json "^1.0.0"
    on-finished "^2.3.0"
    only "~0.0.2"
    parseurl "^1.3.2"
    statuses "^1.5.0"
    type-is "^1.6.16"
    vary "^1.1.2"

lodash.clonedeep@^4.5.0:
  version "4.5.0"
  resolved "https://registry.yarnpkg.com/lodash.clonedeep/-/lodash.clonedeep-4.5.0.tgz#e23f3f9c4f8fbdde872529c1071857a086e5ccef"
  integrity sha1-4j8/nE+Pvd6HJSnBBxhXoIblzO8=

lodash.get@^4.4.2:
  version "4.4.2"
  resolved "https://registry.yarnpkg.com/lodash.get/-/lodash.get-4.4.2.tgz#2d177f652fa31e939b4438d5341499dfa3825e99"
  integrity sha1-LRd/ZS+jHpObRDjVNBSZ36OCXpk=

lodash.intersection@^4.4.0:
  version "4.4.0"
  resolved "https://registry.yarnpkg.com/lodash.intersection/-/lodash.intersection-4.4.0.tgz#0a11ba631d0e95c23c7f2f4cbb9a692ed178e705"
  integrity sha1-ChG6Yx0OlcI8fy9Mu5ppLtF45wU=

lodash.isplainobject@^4.0.6:
  version "4.0.6"
  resolved "https://registry.yarnpkg.com/lodash.isplainobject/-/lodash.isplainobject-4.0.6.tgz#7c526a52d89b45c45cc690b88163be0497f550cb"
  integrity sha1-fFJqUtibRcRcxpC4gWO+BJf1UMs=

lodash.pullall@^4.2.0:
  version "4.2.0"
  resolved "https://registry.yarnpkg.com/lodash.pullall/-/lodash.pullall-4.2.0.tgz#9d98b8518b7c965b0fae4099bd9fb7df8bbf38ba"
  integrity sha1-nZi4UYt8llsPrkCZvZ+334u/OLo=

lodash.trim@^4.5.1:
  version "4.5.1"
  resolved "https://registry.yarnpkg.com/lodash.trim/-/lodash.trim-4.5.1.tgz#36425e7ee90be4aa5e27bcebb85b7d11ea47aa57"
  integrity sha1-NkJefukL5KpeJ7zruFt9EepHqlc=

lodash.without@^4.4.0:
  version "4.4.0"
  resolved "https://registry.yarnpkg.com/lodash.without/-/lodash.without-4.4.0.tgz#3cd4574a00b67bae373a94b748772640507b7aac"
  integrity sha1-PNRXSgC2e643OpS3SHcmQFB7eqw=

lodash@^4.17.15, lodash@^4.17.3:
  version "4.17.15"
  resolved "https://registry.yarnpkg.com/lodash/-/lodash-4.17.15.tgz#b447f6670a0455bbfeedd11392eff330ea097548"
  integrity sha512-8xOcRHvCjnocdS5cpwXQXVzmmh5e5+saE2QGoeQmbKmRS6J3VQppPOIt0MnmE+4xlZoumy0GPG0D0MVIQbNA1A==

matcher@^2.0.0:
  version "2.0.0"
  resolved "https://registry.yarnpkg.com/matcher/-/matcher-2.0.0.tgz#85fe38d97670dbd2a46590cf099401e2ffb4755c"
  integrity sha512-nlmfSlgHBFx36j/Pl/KQPbIaqE8Zf0TqmSMjsuddHDg6PMSVgmyW9HpkLs0o0M1n2GIZ/S2BZBLIww/xjhiGng==
  dependencies:
    escape-string-regexp "^2.0.0"

media-typer@0.3.0:
  version "0.3.0"
  resolved "https://registry.yarnpkg.com/media-typer/-/media-typer-0.3.0.tgz#8710d7af0aa626f8fffa1ce00168545263255748"
  integrity sha1-hxDXrwqmJvj/+hzgAWhUUmMlV0g=

mime-db@1.40.0:
  version "1.40.0"
  resolved "https://registry.yarnpkg.com/mime-db/-/mime-db-1.40.0.tgz#a65057e998db090f732a68f6c276d387d4126c32"
  integrity sha512-jYdeOMPy9vnxEqFRRo6ZvTZ8d9oPb+k18PKoYNYUe2stVEBPPwsln/qWzdbmaIvnhZ9v2P+CuecK+fpUfsV2mA==

mime-types@^2.1.18, mime-types@~2.1.24:
  version "2.1.24"
  resolved "https://registry.yarnpkg.com/mime-types/-/mime-types-2.1.24.tgz#b6f8d0b3e951efb77dedeca194cff6d16f676f81"
  integrity sha512-WaFHS3MCl5fapm3oLxU4eYDw77IQM2ACcxQ9RIxfaC3ooc6PFuBMGZZsYpvoXS5D5QTWPieo1jjLdAm3TBP3cQ==
  dependencies:
    mime-db "1.40.0"

"minimatch@2 || 3":
  version "3.0.4"
  resolved "https://registry.yarnpkg.com/minimatch/-/minimatch-3.0.4.tgz#5166e286457f03306064be5497e8dbb0c3d32083"
  integrity sha512-yJHVQEhyqPLUTgt9B83PXu6W3rx4MvvHvSUvToogpwoGDOUQ+yDrR0HRot+yOCdCO7u4hX3pWft6kWBBcqh0UA==
  dependencies:
    brace-expansion "^1.1.7"

minimist@0.0.8:
  version "0.0.8"
  resolved "https://registry.yarnpkg.com/minimist/-/minimist-0.0.8.tgz#857fcabfc3397d2625b8228262e86aa7a011b05d"
  integrity sha1-hX/Kv8M5fSYluCKCYuhqp6ARsF0=

minimist@^1.2.0:
  version "1.2.0"
  resolved "https://registry.yarnpkg.com/minimist/-/minimist-1.2.0.tgz#a35008b20f41383eec1fb914f4cd5df79a264284"
  integrity sha1-o1AIsg9BOD7sH7kU9M1d95omQoQ=

minimist@~0.0.1:
  version "0.0.10"
  resolved "https://registry.yarnpkg.com/minimist/-/minimist-0.0.10.tgz#de3f98543dbf96082be48ad1a0c7cda836301dcf"
  integrity sha1-3j+YVD2/lggr5IrRoMfNqDYwHc8=

mkdirp@~0.5.1:
  version "0.5.1"
  resolved "https://registry.yarnpkg.com/mkdirp/-/mkdirp-0.5.1.tgz#30057438eac6cf7f8c4767f38648d6697d75c903"
  integrity sha1-MAV0OOrGz3+MR2fzhkjWaX11yQM=
  dependencies:
    minimist "0.0.8"

moment@^2.10.6:
  version "2.24.0"
  resolved "https://registry.yarnpkg.com/moment/-/moment-2.24.0.tgz#0d055d53f5052aa653c9f6eb68bb5d12bf5c2b5b"
  integrity sha512-bV7f+6l2QigeBBZSM/6yTNq4P2fNpSWj/0e7jQcy87A8e7o2nAfP/34/2ky5Vw4B9S446EtIhodAzkFCcR4dQg==

ms@2.0.0:
  version "2.0.0"
  resolved "https://registry.yarnpkg.com/ms/-/ms-2.0.0.tgz#5608aeadfc00be6c2901df5f9861788de0d597c8"
  integrity sha1-VgiurfwAvmwpAd9fmGF4jeDVl8g=

mv@~2:
  version "2.1.1"
  resolved "https://registry.yarnpkg.com/mv/-/mv-2.1.1.tgz#ae6ce0d6f6d5e0a4f7d893798d03c1ea9559b6a2"
  integrity sha1-rmzg1vbV4KT32JN5jQPB6pVZtqI=
  dependencies:
    mkdirp "~0.5.1"
    ncp "~2.0.0"
    rimraf "~2.4.0"

nan@^2.10.0:
  version "2.14.0"
  resolved "https://registry.yarnpkg.com/nan/-/nan-2.14.0.tgz#7818f722027b2459a86f0295d434d1fc2336c52c"
  integrity sha512-INOFj37C7k3AfaNTtX8RhsTw7qRy7eLET14cROi9+5HAVbbHuIWUHEauBv5qT4Av2tWasiTY1Jw6puUNqRJXQg==

ncp@~2.0.0:
  version "2.0.0"
  resolved "https://registry.yarnpkg.com/ncp/-/ncp-2.0.0.tgz#195a21d6c46e361d2fb1281ba38b91e9df7bdbb3"
  integrity sha1-GVoh1sRuNh0vsSgbo4uR6d9727M=

negotiator@0.6.2:
  version "0.6.2"
  resolved "https://registry.yarnpkg.com/negotiator/-/negotiator-0.6.2.tgz#feacf7ccf525a77ae9634436a64883ffeca346fb"
  integrity sha512-hZXc7K2e+PgeI1eDBe/10Ard4ekbfrrqG8Ep+8Jmf4JID2bNg7NvCPOZN+kfF574pFQI7mum2AUqDidoKqcTOw==

nocache@2.1.0:
  version "2.1.0"
  resolved "https://registry.yarnpkg.com/nocache/-/nocache-2.1.0.tgz#120c9ffec43b5729b1d5de88cd71aa75a0ba491f"
  integrity sha512-0L9FvHG3nfnnmaEQPjT9xhfN4ISk0A8/2j4M37Np4mcDesJjHgEUfgPhdCyZuFI954tjokaIj/A3NdpFNdEh4Q==

object-path@^0.11.4:
  version "0.11.4"
  resolved "https://registry.yarnpkg.com/object-path/-/object-path-0.11.4.tgz#370ae752fbf37de3ea70a861c23bba8915691949"
  integrity sha1-NwrnUvvzfePqcKhhwju6iRVpGUk=

on-finished@^2.3.0:
  version "2.3.0"
  resolved "https://registry.yarnpkg.com/on-finished/-/on-finished-2.3.0.tgz#20f1336481b083cd75337992a16971aa2d906947"
  integrity sha1-IPEzZIGwg811M3mSoWlxqi2QaUc=
  dependencies:
    ee-first "1.1.1"

once@^1.3.0:
  version "1.4.0"
  resolved "https://registry.yarnpkg.com/once/-/once-1.4.0.tgz#583b1aa775961d4b113ac17d9c50baef9dd76bd1"
  integrity sha1-WDsap3WWHUsROsF9nFC6753Xa9E=
  dependencies:
    wrappy "1"

only@~0.0.2:
  version "0.0.2"
  resolved "https://registry.yarnpkg.com/only/-/only-0.0.2.tgz#2afde84d03e50b9a8edc444e30610a70295edfb4"
  integrity sha1-Kv3oTQPlC5qO3EROMGEKcCle37Q=

optimist@^0.6.1:
  version "0.6.1"
  resolved "https://registry.yarnpkg.com/optimist/-/optimist-0.6.1.tgz#da3ea74686fa21a19a111c326e90eb15a0196686"
  integrity sha1-2j6nRob6IaGaERwybpDrFaAZZoY=
  dependencies:
    minimist "~0.0.1"
    wordwrap "~0.0.2"

ordinal-number-suffix@^0.1.2:
  version "0.1.2"
  resolved "https://registry.yarnpkg.com/ordinal-number-suffix/-/ordinal-number-suffix-0.1.2.tgz#073de78194397481f4ceea29720ab55268ea40c6"
  integrity sha512-Pe8iFV6R5GYxATa6FqPWr904CuD6El2o1pAja5fnEKJgofKgx5iFjImhWzND2naTtBGMyJTcIh3+FpuyFKGqiw==

ordinal@^1.0.3:
  version "1.0.3"
  resolved "https://registry.yarnpkg.com/ordinal/-/ordinal-1.0.3.tgz#1a3c7726a61728112f50944ad7c35c06ae3a0d4d"
  integrity sha512-cMddMgb2QElm8G7vdaa02jhUNbTSrhsgAGUz1OokD83uJTwSUn+nKoNoKVVaRa08yF6sgfO7Maou1+bgLd9rdQ==

papaparse@^5.0.0:
  version "5.0.0"
  resolved "https://registry.yarnpkg.com/papaparse/-/papaparse-5.0.0.tgz#026f66f85b7f59378719c8cc130f8fce3d71f396"
  integrity sha512-gCqNseOMB5RInYXR051oWfCIZZI9ldhijkeMj0kNYLpE/hSRLHaW8ctoK4h3IuS1v8l+PovsV96LjXtgmzHRxA==

parseurl@^1.3.2:
  version "1.3.3"
  resolved "https://registry.yarnpkg.com/parseurl/-/parseurl-1.3.3.tgz#9da19e7bee8d12dff0513ed5b76957793bc2e8d4"
  integrity sha512-CiyeOxFT/JZyN5m0z9PfXw4SCBJ6Sygz1Dpl0wqjlhDEGGBP1GnsUVEL0p63hoG1fcj3fHynXi9NYO4nWOL+qQ==

path-is-absolute@^1.0.0:
  version "1.0.1"
  resolved "https://registry.yarnpkg.com/path-is-absolute/-/path-is-absolute-1.0.1.tgz#174b9268735534ffbc7ace6bf53a5a9e1b5c5f5f"
  integrity sha1-F0uSaHNVNP+8es5r9TpanhtcX18=

platform@1.3.5:
  version "1.3.5"
  resolved "https://registry.yarnpkg.com/platform/-/platform-1.3.5.tgz#fb6958c696e07e2918d2eeda0f0bc9448d733444"
  integrity sha512-TuvHS8AOIZNAlE77WUDiR4rySV/VMptyMfcfeoMgs4P8apaZM3JrnbzBiixKUv+XR6i+BXrQh8WAnjaSPFO65Q==

qs@^6.5.2:
  version "6.7.0"
  resolved "https://registry.yarnpkg.com/qs/-/qs-6.7.0.tgz#41dc1a015e3d581f1621776be31afb2876a9b1bc"
  integrity sha512-VCdBRNFTX1fyE7Nb6FYoURo/SPe62QCaAyzJvUjwRaIsc+NePBEniHlvxFmmX56+HZphIGtV0XeCirBtpDrTyQ==

ranges-apply@^3.0.22:
  version "3.0.22"
  resolved "https://registry.yarnpkg.com/ranges-apply/-/ranges-apply-3.0.22.tgz#c50158bbdda2e7aec64f8f6b479a659279b6de85"
  integrity sha512-B6093LkoDmHPppEP5a80xwPVGsW4QeAJhtGenEA7NVKt/KzRSyO3L62YBhtamtO7fXHyfZJcr2raTGTJnU6Bhw==
  dependencies:
    is-natural-number "^4.0.1"
    is-natural-number-string "^1.0.1"
    ordinal-number-suffix "^0.1.2"
    ranges-merge "^4.2.9"

ranges-merge@^4.2.9:
  version "4.2.9"
  resolved "https://registry.yarnpkg.com/ranges-merge/-/ranges-merge-4.2.9.tgz#54ba16b868473f1a7e40b3ab075584751dec8054"
  integrity sha512-jFQIkqafs69Yh9qNBu7tYAkCHnw9a3Ab5OUlsoPRi053fnxJBnigSegjGHJ9OVdz8j9leBXz/FO44lbOOrAoQQ==
  dependencies:
    lodash.clonedeep "^4.5.0"
    lodash.isplainobject "^4.0.6"
    ranges-sort "^3.10.31"

ranges-push@^3.2.6:
  version "3.2.6"
  resolved "https://registry.yarnpkg.com/ranges-push/-/ranges-push-3.2.6.tgz#ab2f903f7c8017cdec97f4ac6b7c9b5a6fe69fba"
  integrity sha512-LOc1SK8qXxYyEOn1gXqAYJxagnoLzrXyxQV0n4qzfEFX8aA/tr0vMjBCxSSA4n3rDd9nVjPWs0mqzNNRv81abQ==
  dependencies:
    is-natural-number "^4.0.1"
    is-natural-number-string "^1.0.1"
    lodash.clonedeep "^4.5.0"
    ordinal-number-suffix "^0.1.2"
    ranges-merge "^4.2.9"
    string-collapse-leading-whitespace "^1.12.31"

ranges-sort@^3.10.31:
  version "3.10.31"
  resolved "https://registry.yarnpkg.com/ranges-sort/-/ranges-sort-3.10.31.tgz#55c4673d0551e748fbe9543b06ca9ab3588618c3"
  integrity sha512-rW4m8U+4CvJlDH/nPyl3mFZEMKVlqkq5W3och6v7/6EjbX2wTYZm7BJpA1UIDG50ZIVoAGBhxirOQiRDFkDkxA==
  dependencies:
    check-types-mini "^5.7.28"
    is-natural-number "^4.0.1"
    ordinal-number-suffix "^0.1.2"

raw-body@^2.3.3:
  version "2.4.1"
  resolved "https://registry.yarnpkg.com/raw-body/-/raw-body-2.4.1.tgz#30ac82f98bb5ae8c152e67149dac8d55153b168c"
  integrity sha512-9WmIKF6mkvA0SLmA2Knm9+qj89e+j1zqgyn8aXGd7+nAduPoqgI9lO57SAZNn/Byzo5P7JhXTyg9PzaJbH73bA==
  dependencies:
    bytes "3.1.0"
    http-errors "1.7.3"
    iconv-lite "0.4.24"
    unpipe "1.0.0"

referrer-policy@1.2.0:
  version "1.2.0"
  resolved "https://registry.yarnpkg.com/referrer-policy/-/referrer-policy-1.2.0.tgz#b99cfb8b57090dc454895ef897a4cc35ef67a98e"
  integrity sha512-LgQJIuS6nAy1Jd88DCQRemyE3mS+ispwlqMk3b0yjZ257fI1v9c+/p6SD5gP5FGyXUIgrNOAfmyioHwZtYv2VA==

rimraf@~2.4.0:
  version "2.4.5"
  resolved "https://registry.yarnpkg.com/rimraf/-/rimraf-2.4.5.tgz#ee710ce5d93a8fdb856fb5ea8ff0e2d75934b2da"
  integrity sha1-7nEM5dk6j9uFb7Xqj/Di11k0sto=
  dependencies:
    glob "^6.0.1"

safe-buffer@5.1.2:
  version "5.1.2"
  resolved "https://registry.yarnpkg.com/safe-buffer/-/safe-buffer-5.1.2.tgz#991ec69d296e0313747d59bdfd2b745c35f8828d"
  integrity sha512-Gd2UZBJDkXlY7GbJxfsE8/nvKkUEU1G38c1siN6QP6a9PT9MmHB8GnpscSmMJSoF8LOIrt8ud/wPtojys4G6+g==

safe-json-stringify@~1:
  version "1.2.0"
  resolved "https://registry.yarnpkg.com/safe-json-stringify/-/safe-json-stringify-1.2.0.tgz#356e44bc98f1f93ce45df14bcd7c01cda86e0afd"
  integrity sha512-gH8eh2nZudPQO6TytOvbxnuhYBOvDBBLW52tz5q6X58lJcd/tkmqFR+5Z9adS8aJtURSXWThWy/xJtJwixErvg==

"safer-buffer@>= 2.1.2 < 3":
  version "2.1.2"
  resolved "https://registry.yarnpkg.com/safer-buffer/-/safer-buffer-2.1.2.tgz#44fa161b0187b9549dd84bb91802f9bd8385cd6a"
  integrity sha512-YZo3K82SD7Riyi0E1EQPojLz7kpepnSQI9IyPbHHg1XXXevb5dJI7tpyN2ADxGcQbHG7vcyRHk0cbwqcQriUtg==

setprototypeof@1.1.1:
  version "1.1.1"
  resolved "https://registry.yarnpkg.com/setprototypeof/-/setprototypeof-1.1.1.tgz#7e95acb24aa92f5885e0abef5ba131330d4ae683"
  integrity sha512-JvdAWfbXeIGaZ9cILp38HntZSFSo3mWg6xGcJJsd+d4aRMOqauag1C63dJfDw7OaMYwEbHMOxEZ1lqVRYP2OAw==

"statuses@>= 1.5.0 < 2", statuses@^1.5.0:
  version "1.5.0"
  resolved "https://registry.yarnpkg.com/statuses/-/statuses-1.5.0.tgz#161c7dac177659fd9811f43771fa99381478628c"
  integrity sha1-Fhx9rBd2Wf2YEfQ3cfqZOBR4Yow=

string-collapse-leading-whitespace@^1.12.31:
  version "1.12.31"
  resolved "https://registry.yarnpkg.com/string-collapse-leading-whitespace/-/string-collapse-leading-whitespace-1.12.31.tgz#943ac30bbcac670ad1e620cc5a8a286bea0b789e"
  integrity sha512-cuCibG1ZC97mjDpQb9LbGwZlpOlXQIZv1lcQul5TkZqe0lOEkXnVOX+OJvDSbJLTnoa+2EPdSDS6rbGvUv20PA==

string-strip-html@^4.0.20:
  version "4.0.23"
  resolved "https://registry.yarnpkg.com/string-strip-html/-/string-strip-html-4.0.23.tgz#d7ac6a5ed01f0f495b21e4ef5f9040fecb80e307"
  integrity sha512-x3gcD3GD01cmh5KvxWjGNuu2WoAUeH7F63wvIZjqth2iFpg1j4JAzKzZiTcOraLO0foIAkLV6zfrhDSKIbmH6w==
  dependencies:
    check-types-mini "^5.7.28"
    ent "^2.2.0"
    lodash.isplainobject "^4.0.6"
    lodash.trim "^4.5.1"
    lodash.without "^4.4.0"
    ranges-apply "^3.0.22"
    ranges-push "^3.2.6"

strip-bom@^2.0.0:
  version "2.0.0"
  resolved "https://registry.yarnpkg.com/strip-bom/-/strip-bom-2.0.0.tgz#6219a85616520491f35788bdbf1447a99c7e6b0e"
  integrity sha1-YhmoVhZSBJHzV4i9vxRHqZx+aw4=
  dependencies:
    is-utf8 "^0.2.0"

tableify@^1.1.0:
  version "1.1.0"
  resolved "https://registry.yarnpkg.com/tableify/-/tableify-1.1.0.tgz#5ff11123409abc281d40ecdbd41489d3f3085936"
  integrity sha1-X/ERI0CavCgdQOzb1BSJ0/MIWTY=
  dependencies:
    optimist "^0.6.1"

toidentifier@1.0.0:
  version "1.0.0"
  resolved "https://registry.yarnpkg.com/toidentifier/-/toidentifier-1.0.0.tgz#7e1be3470f1e77948bc43d94a3c8f4d7752ba553"
  integrity sha512-yaOH/Pk/VEhBWWTlhI+qXxDFXlejDGcQipMlyxda9nthulaxLZUNcUqFxokp0vcYnvteJln5FNQDRrxj3YcbVw==

type-detect@^4.0.8:
  version "4.0.8"
  resolved "https://registry.yarnpkg.com/type-detect/-/type-detect-4.0.8.tgz#7646fb5f18871cfbb7749e69bd39a6388eb7450c"
  integrity sha512-0fr/mIH1dlO+x7TlcMy+bIDqKPsw/70tVyeHW787goQjhmqaZe10uwLujubK9q9Lg6Fiho1KUKDYz0Z7k7g5/g==

type-is@^1.6.16:
  version "1.6.18"
  resolved "https://registry.yarnpkg.com/type-is/-/type-is-1.6.18.tgz#4e552cd05df09467dcbc4ef739de89f2cf37c131"
  integrity sha512-TkRKr9sUTxEH8MdfuCSP7VizJyzRNMjj2J2do2Jr3Kym598JVdEksuzPQCnlFPW4ky9Q+iA+ma9BGm06XQBy8g==
  dependencies:
    media-typer "0.3.0"
    mime-types "~2.1.24"

unidecode@^0.1.8:
  version "0.1.8"
  resolved "https://registry.yarnpkg.com/unidecode/-/unidecode-0.1.8.tgz#efbb301538bc45246a9ac8c559d72f015305053e"
  integrity sha1-77swFTi8RSRqmsjFWdcvAVMFBT4=

unpipe@1.0.0:
  version "1.0.0"
  resolved "https://registry.yarnpkg.com/unpipe/-/unpipe-1.0.0.tgz#b2bf4ee8514aae6165b4817829d21b2ef49904ec"
  integrity sha1-sr9O6FFKrmFltIF4KdIbLvSZBOw=

utf8@^3.0.0:
  version "3.0.0"
  resolved "https://registry.yarnpkg.com/utf8/-/utf8-3.0.0.tgz#f052eed1364d696e769ef058b183df88c87f69d1"
  integrity sha512-E8VjFIQ/TyQgp+TZfS6l8yp/xWppSAHzidGiRrqe4bK4XP9pTRyKFgGJpO3SN7zdX4DeomTrwaseCHovfpFcqQ==

vary@^1.1.2:
  version "1.1.2"
  resolved "https://registry.yarnpkg.com/vary/-/vary-1.1.2.tgz#2299f02c6ded30d4a5961b0b9f74524a18f634fc"
  integrity sha1-IpnwLG3tMNSllhsLn3RSShj2NPw=

wordwrap@~0.0.2:
  version "0.0.3"
  resolved "https://registry.yarnpkg.com/wordwrap/-/wordwrap-0.0.3.tgz#a3d5da6cd5c0bc0008d37234bbaf1bed63059107"
  integrity sha1-o9XabNXAvAAI03I0u68b7WMFkQc=

wrappy@1:
  version "1.0.2"
  resolved "https://registry.yarnpkg.com/wrappy/-/wrappy-1.0.2.tgz#b5243d8f3ec1aa35f1364605bc0d1036e30ab69f"
  integrity sha1-tSQ9jz7BqjXxNkYFvA0QNuMKtp8=

x-xss-protection@1.2.0:
  version "1.2.0"
  resolved "https://registry.yarnpkg.com/x-xss-protection/-/x-xss-protection-1.2.0.tgz#3170498ff8e7e8159f4896b27fa4d4810c2ff486"
  integrity sha512-xN0kV+8XfOQM2OPPBdEbGtbvJNNP1pvZR7sE6d44cjJFQG4OiGDdienPg5iOUGswBTiGbBvtYDURd30BMJwwqg==

ylru@^1.2.0:
  version "1.2.1"
  resolved "https://registry.yarnpkg.com/ylru/-/ylru-1.2.1.tgz#f576b63341547989c1de7ba288760923b27fe84f"
  integrity sha512-faQrqNMzcPCHGVC2aaOINk13K+aaBDUPjGWl0teOXywElLjyVAB6Oe2jj62jHYtwsU49jXhScYbvPENK+6zAvQ==
