# THIS IS AN AUTOGENERATED FILE. DO NOT EDIT THIS FILE DIRECTLY.
# yarn lockfile v1


arrayiffy-if-string@^3.11.4:
  version "3.11.4"
  resolved "https://registry.yarnpkg.com/arrayiffy-if-string/-/arrayiffy-if-string-3.11.4.tgz#6c25a4eeaa15d91967aa2d62191c0bc706342188"
  integrity sha512-5+4Ft+BzwbaODVT84AMEsBdXht5hsKAlAkSXtvA6NaEcCKo47knOa2qr8byZBex8ts7+D0MV8ry1cphwqrvblw==

ast-monkey-traverse@^1.11.27:
  version "1.11.27"
  resolved "https://registry.yarnpkg.com/ast-monkey-traverse/-/ast-monkey-traverse-1.11.27.tgz#8e41e7eff8fa3ce9765a51c346e233a945cc878a"
  integrity sha512-y09pCmGh8rDL3Em1gJ/npgUqDwkkN98lhCcCMiDliB0vnrhEFvI/s1dyBa8otnv/R+LmGxwxlLlsVz5p40gRvQ==
  dependencies:
    lodash.clonedeep "^4.5.0"
    lodash.isplainobject "^4.0.6"

bluebird@^3.5.1:
  version "3.5.5"
  resolved "https://registry.yarnpkg.com/bluebird/-/bluebird-3.5.5.tgz#a8d0afd73251effbbd5fe384a77d73003c17a71f"
  integrity sha512-5am6HnnfN+urzt4yfg7IgTbotDjIT/u8AJpEt0sIU9FtXfVeezXAPKswrG+xKUCOYAINpSdgZVDU6QFh+cuH3w==

check-types-mini@^5.7.28:
  version "5.7.28"
  resolved "https://registry.yarnpkg.com/check-types-mini/-/check-types-mini-5.7.28.tgz#e93284fae82855e954c9c62433fafcae97b237a5"
  integrity sha512-R+cXuGECN8WzYXMHF45ZU7sV34DbF4mD7wau2BQQyrqB7aGazI1cW18jwzeQZMQzls/9JNoRt5iIZRQE2rxang==
  dependencies:
    arrayiffy-if-string "^3.11.4"
    ast-monkey-traverse "^1.11.27"
    lodash.intersection "^4.4.0"
    lodash.pullall "^4.2.0"
    matcher "^2.0.0"
    object-path "^0.11.4"
    ordinal "^1.0.3"
    type-detect "^4.0.8"

commander@^2.15.1:
  version "2.20.0"
  resolved "https://registry.yarnpkg.com/commander/-/commander-2.20.0.tgz#d58bb2b5c1ee8f87b0d340027e9e94e222c5a422"
  integrity sha512-7j2y+40w61zy6YC2iRNpUe/NwhNyoXrYpHMrSunaMG64nRnaf96zO/KMQR4OyN/UnE5KLyEBnKHd4aG3rskjpQ==

csvtojson@^2.0.8:
  version "2.0.10"
  resolved "https://registry.yarnpkg.com/csvtojson/-/csvtojson-2.0.10.tgz#11e7242cc630da54efce7958a45f443210357574"
  integrity sha512-lUWFxGKyhraKCW8Qghz6Z0f2l/PqB1W3AO0HKJzGIQ5JRSlR651ekJDiGJbBT4sRNNv5ddnSGVEnsxP9XRCVpQ==
  dependencies:
    bluebird "^3.5.1"
    lodash "^4.17.3"
    strip-bom "^2.0.0"

ent@^2.2.0:
  version "2.2.0"
  resolved "https://registry.yarnpkg.com/ent/-/ent-2.2.0.tgz#e964219325a21d05f44466a2f686ed6ce5f5dd1d"
  integrity sha1-6WQhkyWiHQX0RGai9obtbOX13R0=

escape-string-regexp@^2.0.0:
  version "2.0.0"
  resolved "https://registry.yarnpkg.com/escape-string-regexp/-/escape-string-regexp-2.0.0.tgz#a30304e99daa32e23b2fd20f51babd07cffca344"
  integrity sha512-UpzcLCXolUWcNu5HtVMHYdXJjArjsF9C0aNnquZYY4uW/Vu0miy5YoWvbV345HauVvcAUnpRuhMMcqTcGOY2+w==

export-to-csv@^0.2.1:
  version "0.2.1"
  resolved "https://registry.yarnpkg.com/export-to-csv/-/export-to-csv-0.2.1.tgz#8f997156feebc1cf995096da16341aa0100cce4e"
  integrity sha512-KTbrd3CAZ0cFceJEZr1e5uiMasabeCpXq1/5uvVxDl53o4jXJHnltasQoj2NkzrxD8hU9kdwjnMhoir/7nNx/A==

is-natural-number-string@^1.0.1:
  version "1.0.1"
  resolved "https://registry.yarnpkg.com/is-natural-number-string/-/is-natural-number-string-1.0.1.tgz#d0ebf1c011fae2d3b0734d8c80116e2512a4a2e8"
  integrity sha1-0OvxwBH64tOwc02MgBFuJRKkoug=

is-natural-number@^4.0.1:
  version "4.0.1"
  resolved "https://registry.yarnpkg.com/is-natural-number/-/is-natural-number-4.0.1.tgz#ab9d76e1db4ced51e35de0c72ebecf09f734cde8"
  integrity sha1-q5124dtM7VHjXeDHLr7PCfc0zeg=

is-utf8@^0.2.0:
  version "0.2.1"
  resolved "https://registry.yarnpkg.com/is-utf8/-/is-utf8-0.2.1.tgz#4b0da1442104d1b336340e80797e865cf39f7d72"
  integrity sha1-Sw2hRCEE0bM2NA6AeX6GXPOffXI=

json2csv@^4.5.1:
  version "4.5.2"
  resolved "https://registry.yarnpkg.com/json2csv/-/json2csv-4.5.2.tgz#75f0808cb89ed8ef7e338445a510a3cd3e385dfe"
  integrity sha512-Te2Knce3VfLKyurH3AolM6Y781ZE+R3jQ+0YQ0HYLiubyicST/19vML24e1dpScaaEQb+1Q1t5IcGXr6esM9Lw==
  dependencies:
    commander "^2.15.1"
    jsonparse "^1.3.1"
    lodash.get "^4.4.2"

jsonparse@^1.3.1:
  version "1.3.1"
  resolved "https://registry.yarnpkg.com/jsonparse/-/jsonparse-1.3.1.tgz#3f4dae4a91fac315f71062f8521cc239f1366280"
  integrity sha1-P02uSpH6wxX3EGL4UhzCOfE2YoA=

lodash.clonedeep@^4.5.0:
  version "4.5.0"
  resolved "https://registry.yarnpkg.com/lodash.clonedeep/-/lodash.clonedeep-4.5.0.tgz#e23f3f9c4f8fbdde872529c1071857a086e5ccef"
  integrity sha1-4j8/nE+Pvd6HJSnBBxhXoIblzO8=

lodash.get@^4.4.2:
  version "4.4.2"
  resolved "https://registry.yarnpkg.com/lodash.get/-/lodash.get-4.4.2.tgz#2d177f652fa31e939b4438d5341499dfa3825e99"
  integrity sha1-LRd/ZS+jHpObRDjVNBSZ36OCXpk=

lodash.intersection@^4.4.0:
  version "4.4.0"
  resolved "https://registry.yarnpkg.com/lodash.intersection/-/lodash.intersection-4.4.0.tgz#0a11ba631d0e95c23c7f2f4cbb9a692ed178e705"
  integrity sha1-ChG6Yx0OlcI8fy9Mu5ppLtF45wU=

lodash.isplainobject@^4.0.6:
  version "4.0.6"
  resolved "https://registry.yarnpkg.com/lodash.isplainobject/-/lodash.isplainobject-4.0.6.tgz#7c526a52d89b45c45cc690b88163be0497f550cb"
  integrity sha1-fFJqUtibRcRcxpC4gWO+BJf1UMs=

lodash.pullall@^4.2.0:
  version "4.2.0"
  resolved "https://registry.yarnpkg.com/lodash.pullall/-/lodash.pullall-4.2.0.tgz#9d98b8518b7c965b0fae4099bd9fb7df8bbf38ba"
  integrity sha1-nZi4UYt8llsPrkCZvZ+334u/OLo=

lodash.trim@^4.5.1:
  version "4.5.1"
  resolved "https://registry.yarnpkg.com/lodash.trim/-/lodash.trim-4.5.1.tgz#36425e7ee90be4aa5e27bcebb85b7d11ea47aa57"
  integrity sha1-NkJefukL5KpeJ7zruFt9EepHqlc=

lodash.without@^4.4.0:
  version "4.4.0"
  resolved "https://registry.yarnpkg.com/lodash.without/-/lodash.without-4.4.0.tgz#3cd4574a00b67bae373a94b748772640507b7aac"
  integrity sha1-PNRXSgC2e643OpS3SHcmQFB7eqw=

lodash@^4.17.3:
  version "4.17.15"
  resolved "https://registry.yarnpkg.com/lodash/-/lodash-4.17.15.tgz#b447f6670a0455bbfeedd11392eff330ea097548"
  integrity sha512-8xOcRHvCjnocdS5cpwXQXVzmmh5e5+saE2QGoeQmbKmRS6J3VQppPOIt0MnmE+4xlZoumy0GPG0D0MVIQbNA1A==

matcher@^2.0.0:
  version "2.0.0"
  resolved "https://registry.yarnpkg.com/matcher/-/matcher-2.0.0.tgz#85fe38d97670dbd2a46590cf099401e2ffb4755c"
  integrity sha512-nlmfSlgHBFx36j/Pl/KQPbIaqE8Zf0TqmSMjsuddHDg6PMSVgmyW9HpkLs0o0M1n2GIZ/S2BZBLIww/xjhiGng==
  dependencies:
    escape-string-regexp "^2.0.0"

minimist@~0.0.1:
  version "0.0.10"
  resolved "https://registry.yarnpkg.com/minimist/-/minimist-0.0.10.tgz#de3f98543dbf96082be48ad1a0c7cda836301dcf"
  integrity sha1-3j+YVD2/lggr5IrRoMfNqDYwHc8=

object-path@^0.11.4:
  version "0.11.4"
  resolved "https://registry.yarnpkg.com/object-path/-/object-path-0.11.4.tgz#370ae752fbf37de3ea70a861c23bba8915691949"
  integrity sha1-NwrnUvvzfePqcKhhwju6iRVpGUk=

optimist@^0.6.1:
  version "0.6.1"
  resolved "https://registry.yarnpkg.com/optimist/-/optimist-0.6.1.tgz#da3ea74686fa21a19a111c326e90eb15a0196686"
  integrity sha1-2j6nRob6IaGaERwybpDrFaAZZoY=
  dependencies:
    minimist "~0.0.1"
    wordwrap "~0.0.2"

ordinal-number-suffix@^0.1.2:
  version "0.1.2"
  resolved "https://registry.yarnpkg.com/ordinal-number-suffix/-/ordinal-number-suffix-0.1.2.tgz#073de78194397481f4ceea29720ab55268ea40c6"
  integrity sha512-Pe8iFV6R5GYxATa6FqPWr904CuD6El2o1pAja5fnEKJgofKgx5iFjImhWzND2naTtBGMyJTcIh3+FpuyFKGqiw==

ordinal@^1.0.3:
  version "1.0.3"
  resolved "https://registry.yarnpkg.com/ordinal/-/ordinal-1.0.3.tgz#1a3c7726a61728112f50944ad7c35c06ae3a0d4d"
  integrity sha512-cMddMgb2QElm8G7vdaa02jhUNbTSrhsgAGUz1OokD83uJTwSUn+nKoNoKVVaRa08yF6sgfO7Maou1+bgLd9rdQ==

papaparse@^5.0.0:
  version "5.0.0"
  resolved "https://registry.yarnpkg.com/papaparse/-/papaparse-5.0.0.tgz#026f66f85b7f59378719c8cc130f8fce3d71f396"
  integrity sha512-gCqNseOMB5RInYXR051oWfCIZZI9ldhijkeMj0kNYLpE/hSRLHaW8ctoK4h3IuS1v8l+PovsV96LjXtgmzHRxA==

ranges-apply@^3.0.22:
  version "3.0.22"
  resolved "https://registry.yarnpkg.com/ranges-apply/-/ranges-apply-3.0.22.tgz#c50158bbdda2e7aec64f8f6b479a659279b6de85"
  integrity sha512-B6093LkoDmHPppEP5a80xwPVGsW4QeAJhtGenEA7NVKt/KzRSyO3L62YBhtamtO7fXHyfZJcr2raTGTJnU6Bhw==
  dependencies:
    is-natural-number "^4.0.1"
    is-natural-number-string "^1.0.1"
    ordinal-number-suffix "^0.1.2"
    ranges-merge "^4.2.9"

ranges-merge@^4.2.9:
  version "4.2.9"
  resolved "https://registry.yarnpkg.com/ranges-merge/-/ranges-merge-4.2.9.tgz#54ba16b868473f1a7e40b3ab075584751dec8054"
  integrity sha512-jFQIkqafs69Yh9qNBu7tYAkCHnw9a3Ab5OUlsoPRi053fnxJBnigSegjGHJ9OVdz8j9leBXz/FO44lbOOrAoQQ==
  dependencies:
    lodash.clonedeep "^4.5.0"
    lodash.isplainobject "^4.0.6"
    ranges-sort "^3.10.31"

ranges-push@^3.2.6:
  version "3.2.6"
  resolved "https://registry.yarnpkg.com/ranges-push/-/ranges-push-3.2.6.tgz#ab2f903f7c8017cdec97f4ac6b7c9b5a6fe69fba"
  integrity sha512-LOc1SK8qXxYyEOn1gXqAYJxagnoLzrXyxQV0n4qzfEFX8aA/tr0vMjBCxSSA4n3rDd9nVjPWs0mqzNNRv81abQ==
  dependencies:
    is-natural-number "^4.0.1"
    is-natural-number-string "^1.0.1"
    lodash.clonedeep "^4.5.0"
    ordinal-number-suffix "^0.1.2"
    ranges-merge "^4.2.9"
    string-collapse-leading-whitespace "^1.12.31"

ranges-sort@^3.10.31:
  version "3.10.31"
  resolved "https://registry.yarnpkg.com/ranges-sort/-/ranges-sort-3.10.31.tgz#55c4673d0551e748fbe9543b06ca9ab3588618c3"
  integrity sha512-rW4m8U+4CvJlDH/nPyl3mFZEMKVlqkq5W3och6v7/6EjbX2wTYZm7BJpA1UIDG50ZIVoAGBhxirOQiRDFkDkxA==
  dependencies:
    check-types-mini "^5.7.28"
    is-natural-number "^4.0.1"
    ordinal-number-suffix "^0.1.2"

string-collapse-leading-whitespace@^1.12.31:
  version "1.12.31"
  resolved "https://registry.yarnpkg.com/string-collapse-leading-whitespace/-/string-collapse-leading-whitespace-1.12.31.tgz#943ac30bbcac670ad1e620cc5a8a286bea0b789e"
  integrity sha512-cuCibG1ZC97mjDpQb9LbGwZlpOlXQIZv1lcQul5TkZqe0lOEkXnVOX+OJvDSbJLTnoa+2EPdSDS6rbGvUv20PA==

string-strip-html@^4.0.20:
  version "4.0.23"
  resolved "https://registry.yarnpkg.com/string-strip-html/-/string-strip-html-4.0.23.tgz#d7ac6a5ed01f0f495b21e4ef5f9040fecb80e307"
  integrity sha512-x3gcD3GD01cmh5KvxWjGNuu2WoAUeH7F63wvIZjqth2iFpg1j4JAzKzZiTcOraLO0foIAkLV6zfrhDSKIbmH6w==
  dependencies:
    check-types-mini "^5.7.28"
    ent "^2.2.0"
    lodash.isplainobject "^4.0.6"
    lodash.trim "^4.5.1"
    lodash.without "^4.4.0"
    ranges-apply "^3.0.22"
    ranges-push "^3.2.6"

strip-bom@^2.0.0:
  version "2.0.0"
  resolved "https://registry.yarnpkg.com/strip-bom/-/strip-bom-2.0.0.tgz#6219a85616520491f35788bdbf1447a99c7e6b0e"
  integrity sha1-YhmoVhZSBJHzV4i9vxRHqZx+aw4=
  dependencies:
    is-utf8 "^0.2.0"

tableify@^1.1.0:
  version "1.1.0"
  resolved "https://registry.yarnpkg.com/tableify/-/tableify-1.1.0.tgz#5ff11123409abc281d40ecdbd41489d3f3085936"
  integrity sha1-X/ERI0CavCgdQOzb1BSJ0/MIWTY=
  dependencies:
    optimist "^0.6.1"

type-detect@^4.0.8:
  version "4.0.8"
  resolved "https://registry.yarnpkg.com/type-detect/-/type-detect-4.0.8.tgz#7646fb5f18871cfbb7749e69bd39a6388eb7450c"
  integrity sha512-0fr/mIH1dlO+x7TlcMy+bIDqKPsw/70tVyeHW787goQjhmqaZe10uwLujubK9q9Lg6Fiho1KUKDYz0Z7k7g5/g==

unidecode@^0.1.8:
  version "0.1.8"
  resolved "https://registry.yarnpkg.com/unidecode/-/unidecode-0.1.8.tgz#efbb301538bc45246a9ac8c559d72f015305053e"
  integrity sha1-77swFTi8RSRqmsjFWdcvAVMFBT4=

utf8@^3.0.0:
  version "3.0.0"
  resolved "https://registry.yarnpkg.com/utf8/-/utf8-3.0.0.tgz#f052eed1364d696e769ef058b183df88c87f69d1"
  integrity sha512-E8VjFIQ/TyQgp+TZfS6l8yp/xWppSAHzidGiRrqe4bK4XP9pTRyKFgGJpO3SN7zdX4DeomTrwaseCHovfpFcqQ==

wordwrap@~0.0.2:
  version "0.0.3"
  resolved "https://registry.yarnpkg.com/wordwrap/-/wordwrap-0.0.3.tgz#a3d5da6cd5c0bc0008d37234bbaf1bed63059107"
  integrity sha1-o9XabNXAvAAI03I0u68b7WMFkQc=
